
Microsoft Visual Studio Solution File, Format Version 12.00
# Visual Studio Version 16
VisualStudioVersion = 16.0.29911.84
MinimumVisualStudioVersion = 10.0.40219.1
Project("{FAE04EC0-301F-11D3-BF4B-00C04F79EFBC}") = "DaFuWeng", "DaFuWeng.csproj", "{55A48BA1-0A4B-4A6A-8AB1-CADD1AE8C9D3}"
EndProject
Global
	GlobalSection(SolutionConfigurationPlatforms) = preSolution
		Debug|Any CPU = Debug|Any CPU
		Release|Any CPU = Release|Any CPU
	EndGlobalSection
	GlobalSection(ProjectConfigurationPlatforms) = postSolution
		{55A48BA1-0A4B-4A6A-8AB1-CADD1AE8C9D3}.Debug|Any CPU.ActiveCfg = Debug|Any CPU
		{55A48BA1-0A4B-4A6A-8AB1-CADD1AE8C9D3}.Debug|Any CPU.Build.0 = Debug|Any CPU
		{55A48BA1-0A4B-4A6A-8AB1-CADD1AE8C9D3}.Release|Any CPU.ActiveCfg = Release|Any CPU
		{55A48BA1-0A4B-4A6A-8AB1-CADD1AE8C9D3}.Release|Any CPU.Build.0 = Release|Any CPU
	EndGlobalSection
	GlobalSection(SolutionProperties) = preSolution
		HideSolutionNode = FALSE
	EndGlobalSection
	GlobalSection(ExtensibilityGlobals) = postSolution
		SolutionGuid = {F2D96132-5681-4115-91BA-50FBE908C539}
	EndGlobalSection
EndGlobal
